
Microsoft Visual Studio Solution File, Format Version 12.00
# Visual Studio 15
Project("{FAE04EC0-301F-11D3-BF4B-00C04F79EFBC}") = "Document-Merger2", "Document-Merger2\Document-Merger2.csproj", "{C0883DE8-7B2B-4110-ABC7-8DE3CEAC369A}"
EndProject
Global
	GlobalSection(SolutionConfigurationPlatforms) = preSolution
		Debug|x86 = Debug|x86
		Release|x86 = Release|x86
	EndGlobalSection
	GlobalSection(ProjectConfigurationPlatforms) = postSolution
		{C0883DE8-7B2B-4110-ABC7-8DE3CEAC369A}.Debug|x86.ActiveCfg = Debug|x86
		{C0883DE8-7B2B-4110-ABC7-8DE3CEAC369A}.Debug|x86.Build.0 = Debug|x86
		{C0883DE8-7B2B-4110-ABC7-8DE3CEAC369A}.Release|x86.ActiveCfg = Release|x86
		{C0883DE8-7B2B-4110-ABC7-8DE3CEAC369A}.Release|x86.Build.0 = Release|x86
	EndGlobalSection
EndGlobal
